// !$*UTF8*$!
{
	archiveVersion = 1;
	classes = {
	};
	objectVersion = 46;
	objects = {

/* Begin PBXBuildFile section */
		BDDD716F1F5DD2A8005DCC6B /* AppDelegate.swift in Sources */ = {isa = PBXBuildFile; fileRef = BDDD716E1F5DD2A8005DCC6B /* AppDelegate.swift */; };
		BDDD71711F5DD2A8005DCC6B /* ViewController.swift in Sources */ = {isa = PBXBuildFile; fileRef = BDDD71701F5DD2A8005DCC6B /* ViewController.swift */; };
		BDDD71741F5DD2A8005DCC6B /* Main.storyboard in Resources */ = {isa = PBXBuildFile; fileRef = BDDD71721F5DD2A8005DCC6B /* Main.storyboard */; };
		BDDD71761F5DD2A8005DCC6B /* Assets.xcassets in Resources */ = {isa = PBXBuildFile; fileRef = BDDD71751F5DD2A8005DCC6B /* Assets.xcassets */; };
		BDDD71791F5DD2A8005DCC6B /* LaunchScreen.storyboard in Resources */ = {isa = PBXBuildFile; fileRef = BDDD71771F5DD2A8005DCC6B /* LaunchScreen.storyboard */; };
/* End PBXBuildFile section */

/* Begin PBXFileReference section */
		BDDD716B1F5DD2A8005DCC6B /* Finanzen.app */ = {isa = PBXFileReference; explicitFileType = wrapper.application; includeInIndex = 0; path = Finanzen.app; sourceTree = BUILT_PRODUCTS_DIR; };
		BDDD716E1F5DD2A8005DCC6B /* AppDelegate.swift */ = {isa = PBXFileReference; lastKnownFileType = sourcecode.swift; path = AppDelegate.swift; sourceTree = "<group>"; };
		BDDD71701F5DD2A8005DCC6B /* ViewController.swift */ = {isa = PBXFileReference; lastKnownFileType = sourcecode.swift; path = ViewController.swift; sourceTree = "<group>"; };
		BDDD71731F5DD2A8005DCC6B /* Base */ = {isa = PBXFileReference; lastKnownFileType = file.storyboard; name = Base; path = Base.lproj/Main.storyboard; sourceTree = "<group>"; };
		BDDD71751F5DD2A8005DCC6B /* Assets.xcassets */ = {isa = PBXFileReference; lastKnownFileType = folder.assetcatalog; path = Assets.xcassets; sourceTree = "<group>"; };
		BDDD71781F5DD2A8005DCC6B /* Base */ = {isa = PBXFileReference; lastKnownFileType = file.storyboard; name = Base; path = Base.lproj/LaunchScreen.storyboard; sourceTree = "<group>"; };
		BDDD717A1F5DD2A8005DCC6B /* Info.plist */ = {isa = PBXFileReference; lastKnownFileType = text.plist.xml; path = Info.plist; sourceTree = "<group>"; };
/* End PBXFileReference section */

/* Begin PBXFrameworksBuildPhase section */
		BDDD71681F5DD2A8005DCC6B /* Frameworks */ = {
			isa = PBXFrameworksBuildPhase;
			buildActionMask = 2147483647;
			files = (
			);
			runOnlyForDeploymentPostprocessing = 0;
		};
/* End PBXFrameworksBuildPhase section */

/* Begin PBXGroup section */
		BDDD71621F5DD2A8005DCC6B = {
			isa = PBXGroup;
			children = (
				BDDD716D1F5DD2A8005DCC6B /* Finanzen */,
				BDDD716C1F5DD2A8005DCC6B /* Products */,
			);
			sourceTree = "<group>";
		};
		BDDD716C1F5DD2A8005DCC6B /* Products */ = {
			isa = PBXGroup;
			children = (
				BDDD716B1F5DD2A8005DCC6B /* Finanzen.app */,
			);
			name = Products;
			sourceTree = "<group>";
		};
		BDDD716D1F5DD2A8005DCC6B /* Finanzen */ = {
			isa = PBXGroup;
			children = (
				BDDD716E1F5DD2A8005DCC6B /* AppDelegate.swift */,
				BDDD71701F5DD2A8005DCC6B /* ViewController.swift */,
				BDDD71721F5DD2A8005DCC6B /* Main.storyboard */,
				BDDD71751F5DD2A8005DCC6B /* Assets.xcassets */,
				BDDD71771F5DD2A8005DCC6B /* LaunchScreen.storyboard */,
				BDDD717A1F5DD2A8005DCC6B /* Info.plist */,
			);
			path = Finanzen;
			sourceTree = "<group>";
		};
/* End PBXGroup section */

/* Begin PBXNativeTarget section */
		BDDD716A1F5DD2A8005DCC6B /* Finanzen */ = {
			isa = PBXNativeTarget;
			buildConfigurationList = BDDD717D1F5DD2A8005DCC6B /* Build configuration list for PBXNativeTarget "Finanzen" */;
			buildPhases = (
				BDDD71671F5DD2A8005DCC6B /* Sources */,
				BDDD71681F5DD2A8005DCC6B /* Frameworks */,
				BDDD71691F5DD2A8005DCC6B /* Resources */,
			);
			buildRules = (
			);
			dependencies = (
			);
			name = Finanzen;
			productName = Finanzen;
			productReference = BDDD716B1F5DD2A8005DCC6B /* Finanzen.app */;
			productType = "com.apple.product-type.application";
		};
/* End PBXNativeTarget section */

/* Begin PBXProject section */
		BDDD71631F5DD2A8005DCC6B /* Project object */ = {
			isa = PBXProject;
			attributes = {
				LastSwiftUpdateCheck = 0830;
				LastUpgradeCheck = 0830;
				ORGANIZATIONNAME = "Linh Bach";
				TargetAttributes = {
					BDDD716A1F5DD2A8005DCC6B = {
						CreatedOnToolsVersion = 8.3.3;
						ProvisioningStyle = Automatic;
					};
				};
			};
			buildConfigurationList = BDDD71661F5DD2A8005DCC6B /* Build configuration list for PBXProject "Finanzen" */;
			compatibilityVersion = "Xcode 3.2";
			developmentRegion = English;
			hasScannedForEncodings = 0;
			knownRegions = (
				en,
				Base,
			);
			mainGroup = BDDD71621F5DD2A8005DCC6B;
			productRefGroup = BDDD716C1F5DD2A8005DCC6B /* Products */;
			projectDirPath = "";
			projectRoot = "";
			targets = (
				BDDD716A1F5DD2A8005DCC6B /* Finanzen */,
			);
		};
/* End PBXProject section */

/* Begin PBXResourcesBuildPhase section */
		BDDD71691F5DD2A8005DCC6B /* Resources */ = {
			isa = PBXResourcesBuildPhase;
			buildActionMask = 2147483647;
			files = (
				BDDD71791F5DD2A8005DCC6B /* LaunchScreen.storyboard in Resources */,
				BDDD71761F5DD2A8005DCC6B /* Assets.xcassets in Resources */,
				BDDD71741F5DD2A8005DCC6B /* Main.storyboard in Resources */,
			);
			runOnlyForDeploymentPostprocessing = 0;
		};
/* End PBXResourcesBuildPhase section */

/* Begin PBXSourcesBuildPhase section */
		BDDD71671F5DD2A8005DCC6B /* Sources */ = {
			isa = PBXSourcesBuildPhase;
			buildActionMask = 2147483647;
			files = (
				BDDD71711F5DD2A8005DCC6B /* ViewController.swift in Sources */,
				BDDD716F1F5DD2A8005DCC6B /* AppDelegate.swift in Sources */,
			);
			runOnlyForDeploymentPostprocessing = 0;
		};
/* End PBXSourcesBuildPhase section */

/* Begin PBXVariantGroup section */
		BDDD71721F5DD2A8005DCC6B /* Main.storyboard */ = {
			isa = PBXVariantGroup;
			children = (
				BDDD71731F5DD2A8005DCC6B /* Base */,
			);
			name = Main.storyboard;
			sourceTree = "<group>";
		};
		BDDD71771F5DD2A8005DCC6B /* LaunchScreen.storyboard */ = {
			isa = PBXVariantGroup;
			children = (
				BDDD71781F5DD2A8005DCC6B /* Base */,
			);
			name = LaunchScreen.storyboard;
			sourceTree = "<group>";
		};
/* End PBXVariantGroup section */

/* Begin XCBuildConfiguration section */
		BDDD717B1F5DD2A8005DCC6B /* Debug */ = {
			isa = XCBuildConfiguration;
			buildSettings = {
				ALWAYS_SEARCH_USER_PATHS = NO;
				CLANG_ANALYZER_NONNULL = YES;
				CLANG_ANALYZER_NUMBER_OBJECT_CONVERSION = YES_AGGRESSIVE;
				CLANG_CXX_LANGUAGE_STANDARD = "gnu++0x";
				CLANG_CXX_LIBRARY = "libc++";
				CLANG_ENABLE_MODULES = YES;
				CLANG_ENABLE_OBJC_ARC = YES;
				CLANG_WARN_BOOL_CONVERSION = YES;
				CLANG_WARN_CONSTANT_CONVERSION = YES;
				CLANG_WARN_DIRECT_OBJC_ISA_USAGE = YES_ERROR;
				CLANG_WARN_DOCUMENTATION_COMMENTS = YES;
				CLANG_WARN_EMPTY_BODY = YES;
				CLANG_WARN_ENUM_CONVERSION = YES;
				CLANG_WARN_INFINITE_RECURSION = YES;
				CLANG_WARN_INT_CONVERSION = YES;
				CLANG_WARN_OBJC_ROOT_CLASS = YES_ERROR;
				CLANG_WARN_SUSPICIOUS_MOVE = YES;
				CLANG_WARN_UNREACHABLE_CODE = YES;
				CLANG_WARN__DUPLICATE_METHOD_MATCH = YES;
				"CODE_SIGN_IDENTITY[sdk=iphoneos*]" = "iPhone Developer";
				COPY_PHASE_STRIP = NO;
				DEBUG_INFORMATION_FORMAT = dwarf;
				ENABLE_STRICT_OBJC_MSGSEND = YES;
				ENABLE_TESTABILITY = YES;
				GCC_C_LANGUAGE_STANDARD = gnu99;
				GCC_DYNAMIC_NO_PIC = NO;
				GCC_NO_COMMON_BLOCKS = YES;
				GCC_OPTIMIZATION_LEVEL = 0;
				GCC_PREPROCESSOR_DEFINITIONS = (
					"DEBUG=1",
					"$(inherited)",
				);
				GCC_WARN_64_TO_32_BIT_CONVERSION = YES;
				GCC_WARN_ABOUT_RETURN_TYPE = YES_ERROR;
				GCC_WARN_UNDECLARED_SELECTOR = YES;
				GCC_WARN_UNINITIALIZED_AUTOS = YES_AGGRESSIVE;
				GCC_WARN_UNUSED_FUNCTION = YES;
				GCC_WARN_UNUSED_VARIABLE = YES;
				IPHONEOS_DEPLOYMENT_TARGET = 10.3;
				MTL_ENABLE_DEBUG_INFO = YES;
				ONLY_ACTIVE_ARCH = YES;
				SDKROOT = iphoneos;
				SWIFT_ACTIVE_COMPILATION_CONDITIONS = DEBUG;
				SWIFT_OPTIMIZATION_LEVEL = "-Onone";
				TARGETED_DEVICE_FAMILY = "1,2";
			};
			name = Debug;
		};
		BDDD717C1F5DD2A8005DCC6B /* Release */ = {
			isa = XCBuildConfiguration;
			buildSettings = {
				ALWAYS_SEARCH_USER_PATHS = NO;
				CLANG_ANALYZER_NONNULL = YES;
				CLANG_ANALYZER_NUMBER_OBJECT_CONVERSION = YES_AGGRESSIVE;
				CLANG_CXX_LANGUAGE_STANDARD = "gnu++0x";
				CLANG_CXX_LIBRARY = "libc++";
				CLANG_ENABLE_MODULES = YES;
				CLANG_ENABLE_OBJC_ARC = YES;
				CLANG_WARN_BOOL_CONVERSION = YES;
				CLANG_WARN_CONSTANT_CONVERSION = YES;
				CLANG_WARN_DIRECT_OBJC_ISA_USAGE = YES_ERROR;
				CLANG_WARN_DOCUMENTATION_COMMENTS = YES;
				CLANG_WARN_EMPTY_BODY = YES;
				CLANG_WARN_ENUM_CONVERSION = YES;
				CLANG_WARN_INFINITE_RECURSION = YES;
				CLANG_WARN_INT_CONVERSION = YES;
				CLANG_WARN_OBJC_ROOT_CLASS = YES_ERROR;
				CLANG_WARN_SUSPICIOUS_MOVE = YES;
				CLANG_WARN_UNREACHABLE_CODE = YES;
				CLANG_WARN__DUPLICATE_METHOD_MATCH = YES;
				"CODE_SIGN_IDENTITY[sdk=iphoneos*]" = "iPhone Developer";
				COPY_PHASE_STRIP = NO;
				DEBUG_INFORMATION_FORMAT = "dwarf-with-dsym";
				ENABLE_NS_ASSERTIONS = NO;
				ENABLE_STRICT_OBJC_MSGSEND = YES;
				GCC_C_LANGUAGE_STANDARD = gnu99;
				GCC_NO_COMMON_BLOCKS = YES;
				GCC_WARN_64_TO_32_BIT_CONVERSION = YES;
				GCC_WARN_ABOUT_RETURN_TYPE = YES_ERROR;
				GCC_WARN_UNDECLARED_SELECTOR = YES;
				GCC_WARN_UNINITIALIZED_AUTOS = YES_AGGRESSIVE;
				GCC_WARN_UNUSED_FUNCTION = YES;
				GCC_WARN_UNUSED_VARIABLE = YES;
				IPHONEOS_DEPLOYMENT_TARGET = 10.3;
				MTL_ENABLE_DEBUG_INFO = NO;
				SDKROOT = iphoneos;
				SWIFT_OPTIMIZATION_LEVEL = "-Owholemodule";
				TARGETED_DEVICE_FAMILY = "1,2";
				VALIDATE_PRODUCT = YES;
			};
			name = Release;
		};
		BDDD717E1F5DD2A8005DCC6B /* Debug */ = {
			isa = XCBuildConfiguration;
			buildSettings = {
				ASSETCATALOG_COMPILER_APPICON_NAME = AppIcon;
				INFOPLIST_FILE = Finanzen/Info.plist;
				LD_RUNPATH_SEARCH_PATHS = "$(inherited) @executable_path/Frameworks";
				PRODUCT_BUNDLE_IDENTIFIER = linhbach.Finanzen;
				PRODUCT_NAME = "$(TARGET_NAME)";
				SWIFT_VERSION = 3.0;
			};
			name = Debug;
		};
		BDDD717F1F5DD2A8005DCC6B /* Release */ = {
			isa = XCBuildConfiguration;
			buildSettings = {
				ASSETCATALOG_COMPILER_APPICON_NAME = AppIcon;
				INFOPLIST_FILE = Finanzen/Info.plist;
				LD_RUNPATH_SEARCH_PATHS = "$(inherited) @executable_path/Frameworks";
				PRODUCT_BUNDLE_IDENTIFIER = linhbach.Finanzen;
				PRODUCT_NAME = "$(TARGET_NAME)";
				SWIFT_VERSION = 3.0;
			};
			name = Release;
		};
/* End XCBuildConfiguration section */

/* Begin XCConfigurationList section */
		BDDD71661F5DD2A8005DCC6B /* Build configuration list for PBXProject "Finanzen" */ = {
			isa = XCConfigurationList;
			buildConfigurations = (
				BDDD717B1F5DD2A8005DCC6B /* Debug */,
				BDDD717C1F5DD2A8005DCC6B /* Release */,
			);
			defaultConfigurationIsVisible = 0;
			defaultConfigurationName = Release;
		};
		BDDD717D1F5DD2A8005DCC6B /* Build configuration list for PBXNativeTarget "Finanzen" */ = {
			isa = XCConfigurationList;
			buildConfigurations = (
				BDDD717E1F5DD2A8005DCC6B /* Debug */,
				BDDD717F1F5DD2A8005DCC6B /* Release */,
			);
			defaultConfigurationIsVisible = 0;
		};
/* End XCConfigurationList section */
	};
	rootObject = BDDD71631F5DD2A8005DCC6B /* Project object */;
}
